
Microsoft Visual Studio Solution File, Format Version 12.00
# Visual Studio Version 16
VisualStudioVersion = 16.0.31025.194
MinimumVisualStudioVersion = 10.0.40219.1
Project("{FAE04EC0-301F-11D3-BF4B-00C04F79EFBC}") = "CodeGen", "CodeGen\CodeGen.csproj", "{A5A248B8-540B-4F88-AF77-8E8C9E480135}"
EndProject
Global
	GlobalSection(SolutionConfigurationPlatforms) = preSolution
		Debug|Any CPU = Debug|Any CPU
		Release|Any CPU = Release|Any CPU
	EndGlobalSection
	GlobalSection(ProjectConfigurationPlatforms) = postSolution
		{A5A248B8-540B-4F88-AF77-8E8C9E480135}.Debug|Any CPU.ActiveCfg = Debug|Any CPU
		{A5A248B8-540B-4F88-AF77-8E8C9E480135}.Debug|Any CPU.Build.0 = Debug|Any CPU
		{A5A248B8-540B-4F88-AF77-8E8C9E480135}.Release|Any CPU.ActiveCfg = Release|Any CPU
		{A5A248B8-540B-4F88-AF77-8E8C9E480135}.Release|Any CPU.Build.0 = Release|Any CPU
	EndGlobalSection
	GlobalSection(SolutionProperties) = preSolution
		HideSolutionNode = FALSE
	EndGlobalSection
	GlobalSection(ExtensibilityGlobals) = postSolution
		SolutionGuid = {E8CD8FE7-EB9D-4A62-8040-D6E1F543CC4B}
	EndGlobalSection
EndGlobal
